// !$*UTF8*$!
{
	archiveVersion = 1;
	classes = {
	};
	objectVersion = 56;
	objects = {

/* Begin PBXBuildFile section */
		74082DE32BC7177100BE8A47 /* NomadCountApp.swift in Sources */ = {isa = PBXBuildFile; fileRef = 74082DE22BC7177100BE8A47 /* NomadCountApp.swift */; };
		74082DE52BC7177100BE8A47 /* StepsView.swift in Sources */ = {isa = PBXBuildFile; fileRef = 74082DE42BC7177100BE8A47 /* StepsView.swift */; };
		74082DE72BC7177300BE8A47 /* Assets.xcassets in Resources */ = {isa = PBXBuildFile; fileRef = 74082DE62BC7177300BE8A47 /* Assets.xcassets */; };
		74082DEA2BC7177300BE8A47 /* Preview Assets.xcassets in Resources */ = {isa = PBXBuildFile; fileRef = 74082DE92BC7177300BE8A47 /* Preview Assets.xcassets */; };
		74082DF22BC730D400BE8A47 /* HealthStoreService.swift in Sources */ = {isa = PBXBuildFile; fileRef = 74082DF12BC730D400BE8A47 /* HealthStoreService.swift */; };
		7473DA702BD7FAED003CEEA0 /* DateUtility.swift in Sources */ = {isa = PBXBuildFile; fileRef = 7473DA6F2BD7FAED003CEEA0 /* DateUtility.swift */; };
		7473DA742BD802AC003CEEA0 /* StepsChart.swift in Sources */ = {isa = PBXBuildFile; fileRef = 7473DA732BD802AC003CEEA0 /* StepsChart.swift */; };
		7473DA772BD80399003CEEA0 /* Steps.swift in Sources */ = {isa = PBXBuildFile; fileRef = 7473DA762BD80399003CEEA0 /* Steps.swift */; };
/* End PBXBuildFile section */

/* Begin PBXFileReference section */
		74082DDF2BC7177100BE8A47 /* NomadCount.app */ = {isa = PBXFileReference; explicitFileType = wrapper.application; includeInIndex = 0; path = NomadCount.app; sourceTree = BUILT_PRODUCTS_DIR; };
		74082DE22BC7177100BE8A47 /* NomadCountApp.swift */ = {isa = PBXFileReference; lastKnownFileType = sourcecode.swift; path = NomadCountApp.swift; sourceTree = "<group>"; };
		74082DE42BC7177100BE8A47 /* StepsView.swift */ = {isa = PBXFileReference; lastKnownFileType = sourcecode.swift; path = StepsView.swift; sourceTree = "<group>"; };
		74082DE62BC7177300BE8A47 /* Assets.xcassets */ = {isa = PBXFileReference; lastKnownFileType = folder.assetcatalog; path = Assets.xcassets; sourceTree = "<group>"; };
		74082DE92BC7177300BE8A47 /* Preview Assets.xcassets */ = {isa = PBXFileReference; lastKnownFileType = folder.assetcatalog; path = "Preview Assets.xcassets"; sourceTree = "<group>"; };
		74082DF02BC7179200BE8A47 /* NomadCount.entitlements */ = {isa = PBXFileReference; lastKnownFileType = text.plist.entitlements; path = NomadCount.entitlements; sourceTree = "<group>"; };
		74082DF12BC730D400BE8A47 /* HealthStoreService.swift */ = {isa = PBXFileReference; lastKnownFileType = sourcecode.swift; path = HealthStoreService.swift; sourceTree = "<group>"; };
		7473DA6F2BD7FAED003CEEA0 /* DateUtility.swift */ = {isa = PBXFileReference; lastKnownFileType = sourcecode.swift; path = DateUtility.swift; sourceTree = "<group>"; };
		7473DA732BD802AC003CEEA0 /* StepsChart.swift */ = {isa = PBXFileReference; lastKnownFileType = sourcecode.swift; path = StepsChart.swift; sourceTree = "<group>"; };
		7473DA762BD80399003CEEA0 /* Steps.swift */ = {isa = PBXFileReference; lastKnownFileType = sourcecode.swift; path = Steps.swift; sourceTree = "<group>"; };
/* End PBXFileReference section */

/* Begin PBXFrameworksBuildPhase section */
		74082DDC2BC7177100BE8A47 /* Frameworks */ = {
			isa = PBXFrameworksBuildPhase;
			buildActionMask = 2147483647;
			files = (
			);
			runOnlyForDeploymentPostprocessing = 0;
		};
/* End PBXFrameworksBuildPhase section */

/* Begin PBXGroup section */
		74082DD62BC7177100BE8A47 = {
			isa = PBXGroup;
			children = (
				74082DE12BC7177100BE8A47 /* NomadCount */,
				74082DE02BC7177100BE8A47 /* Products */,
			);
			sourceTree = "<group>";
		};
		74082DE02BC7177100BE8A47 /* Products */ = {
			isa = PBXGroup;
			children = (
				74082DDF2BC7177100BE8A47 /* NomadCount.app */,
			);
			name = Products;
			sourceTree = "<group>";
		};
		74082DE12BC7177100BE8A47 /* NomadCount */ = {
			isa = PBXGroup;
			children = (
				7473DA752BD80394003CEEA0 /* Steps */,
				7473DA722BD80148003CEEA0 /* StepsService */,
				7473DA712BD80134003CEEA0 /* StepsViews */,
				7473DA6E2BD7FAE3003CEEA0 /* Helper */,
				74082DF02BC7179200BE8A47 /* NomadCount.entitlements */,
				74082DE22BC7177100BE8A47 /* NomadCountApp.swift */,
				74082DE62BC7177300BE8A47 /* Assets.xcassets */,
				74082DE82BC7177300BE8A47 /* Preview Content */,
			);
			path = NomadCount;
			sourceTree = "<group>";
		};
		74082DE82BC7177300BE8A47 /* Preview Content */ = {
			isa = PBXGroup;
			children = (
				74082DE92BC7177300BE8A47 /* Preview Assets.xcassets */,
			);
			path = "Preview Content";
			sourceTree = "<group>";
		};
		7473DA6E2BD7FAE3003CEEA0 /* Helper */ = {
			isa = PBXGroup;
			children = (
				7473DA6F2BD7FAED003CEEA0 /* DateUtility.swift */,
			);
			path = Helper;
			sourceTree = "<group>";
		};
		7473DA712BD80134003CEEA0 /* StepsViews */ = {
			isa = PBXGroup;
			children = (
				74082DE42BC7177100BE8A47 /* StepsView.swift */,
				7473DA732BD802AC003CEEA0 /* StepsChart.swift */,
			);
			path = StepsViews;
			sourceTree = "<group>";
		};
		7473DA722BD80148003CEEA0 /* StepsService */ = {
			isa = PBXGroup;
			children = (
				74082DF12BC730D400BE8A47 /* HealthStoreService.swift */,
			);
			path = StepsService;
			sourceTree = "<group>";
		};
		7473DA752BD80394003CEEA0 /* Steps */ = {
			isa = PBXGroup;
			children = (
				7473DA762BD80399003CEEA0 /* Steps.swift */,
			);
			path = Steps;
			sourceTree = "<group>";
		};
/* End PBXGroup section */

/* Begin PBXNativeTarget section */
		74082DDE2BC7177100BE8A47 /* NomadCount */ = {
			isa = PBXNativeTarget;
			buildConfigurationList = 74082DED2BC7177300BE8A47 /* Build configuration list for PBXNativeTarget "NomadCount" */;
			buildPhases = (
				74082DDB2BC7177100BE8A47 /* Sources */,
				74082DDC2BC7177100BE8A47 /* Frameworks */,
				74082DDD2BC7177100BE8A47 /* Resources */,
			);
			buildRules = (
			);
			dependencies = (
			);
			name = NomadCount;
			productName = NomadCount;
			productReference = 74082DDF2BC7177100BE8A47 /* NomadCount.app */;
			productType = "com.apple.product-type.application";
		};
/* End PBXNativeTarget section */

/* Begin PBXProject section */
		74082DD72BC7177100BE8A47 /* Project object */ = {
			isa = PBXProject;
			attributes = {
				BuildIndependentTargetsInParallel = 1;
				LastSwiftUpdateCheck = 1530;
				LastUpgradeCheck = 1530;
				TargetAttributes = {
					74082DDE2BC7177100BE8A47 = {
						CreatedOnToolsVersion = 15.3;
					};
				};
			};
			buildConfigurationList = 74082DDA2BC7177100BE8A47 /* Build configuration list for PBXProject "NomadCount" */;
			compatibilityVersion = "Xcode 14.0";
			developmentRegion = en;
			hasScannedForEncodings = 0;
			knownRegions = (
				en,
				Base,
			);
			mainGroup = 74082DD62BC7177100BE8A47;
			productRefGroup = 74082DE02BC7177100BE8A47 /* Products */;
			projectDirPath = "";
			projectRoot = "";
			targets = (
				74082DDE2BC7177100BE8A47 /* NomadCount */,
			);
		};
/* End PBXProject section */

/* Begin PBXResourcesBuildPhase section */
		74082DDD2BC7177100BE8A47 /* Resources */ = {
			isa = PBXResourcesBuildPhase;
			buildActionMask = 2147483647;
			files = (
				74082DEA2BC7177300BE8A47 /* Preview Assets.xcassets in Resources */,
				74082DE72BC7177300BE8A47 /* Assets.xcassets in Resources */,
			);
			runOnlyForDeploymentPostprocessing = 0;
		};
/* End PBXResourcesBuildPhase section */

/* Begin PBXSourcesBuildPhase section */
		74082DDB2BC7177100BE8A47 /* Sources */ = {
			isa = PBXSourcesBuildPhase;
			buildActionMask = 2147483647;
			files = (
				7473DA742BD802AC003CEEA0 /* StepsChart.swift in Sources */,
				74082DE52BC7177100BE8A47 /* StepsView.swift in Sources */,
				7473DA702BD7FAED003CEEA0 /* DateUtility.swift in Sources */,
				7473DA772BD80399003CEEA0 /* Steps.swift in Sources */,
				74082DE32BC7177100BE8A47 /* NomadCountApp.swift in Sources */,
				74082DF22BC730D400BE8A47 /* HealthStoreService.swift in Sources */,
			);
			runOnlyForDeploymentPostprocessing = 0;
		};
/* End PBXSourcesBuildPhase section */

/* Begin XCBuildConfiguration section */
		74082DEB2BC7177300BE8A47 /* Debug */ = {
			isa = XCBuildConfiguration;
			buildSettings = {
				ALWAYS_SEARCH_USER_PATHS = NO;
				ASSETCATALOG_COMPILER_GENERATE_SWIFT_ASSET_SYMBOL_EXTENSIONS = YES;
				CLANG_ANALYZER_NONNULL = YES;
				CLANG_ANALYZER_NUMBER_OBJECT_CONVERSION = YES_AGGRESSIVE;
				CLANG_CXX_LANGUAGE_STANDARD = "gnu++20";
				CLANG_ENABLE_MODULES = YES;
				CLANG_ENABLE_OBJC_ARC = YES;
				CLANG_ENABLE_OBJC_WEAK = YES;
				CLANG_WARN_BLOCK_CAPTURE_AUTORELEASING = YES;
				CLANG_WARN_BOOL_CONVERSION = YES;
				CLANG_WARN_COMMA = YES;
				CLANG_WARN_CONSTANT_CONVERSION = YES;
				CLANG_WARN_DEPRECATED_OBJC_IMPLEMENTATIONS = YES;
				CLANG_WARN_DIRECT_OBJC_ISA_USAGE = YES_ERROR;
				CLANG_WARN_DOCUMENTATION_COMMENTS = YES;
				CLANG_WARN_EMPTY_BODY = YES;
				CLANG_WARN_ENUM_CONVERSION = YES;
				CLANG_WARN_INFINITE_RECURSION = YES;
				CLANG_WARN_INT_CONVERSION = YES;
				CLANG_WARN_NON_LITERAL_NULL_CONVERSION = YES;
				CLANG_WARN_OBJC_IMPLICIT_RETAIN_SELF = YES;
				CLANG_WARN_OBJC_LITERAL_CONVERSION = YES;
				CLANG_WARN_OBJC_ROOT_CLASS = YES_ERROR;
				CLANG_WARN_QUOTED_INCLUDE_IN_FRAMEWORK_HEADER = YES;
				CLANG_WARN_RANGE_LOOP_ANALYSIS = YES;
				CLANG_WARN_STRICT_PROTOTYPES = YES;
				CLANG_WARN_SUSPICIOUS_MOVE = YES;
				CLANG_WARN_UNGUARDED_AVAILABILITY = YES_AGGRESSIVE;
				CLANG_WARN_UNREACHABLE_CODE = YES;
				CLANG_WARN__DUPLICATE_METHOD_MATCH = YES;
				COPY_PHASE_STRIP = NO;
				DEBUG_INFORMATION_FORMAT = dwarf;
				ENABLE_STRICT_OBJC_MSGSEND = YES;
				ENABLE_TESTABILITY = YES;
				ENABLE_USER_SCRIPT_SANDBOXING = YES;
				GCC_C_LANGUAGE_STANDARD = gnu17;
				GCC_DYNAMIC_NO_PIC = NO;
				GCC_NO_COMMON_BLOCKS = YES;
				GCC_OPTIMIZATION_LEVEL = 0;
				GCC_PREPROCESSOR_DEFINITIONS = (
					"DEBUG=1",
					"$(inherited)",
				);
				GCC_WARN_64_TO_32_BIT_CONVERSION = YES;
				GCC_WARN_ABOUT_RETURN_TYPE = YES_ERROR;
				GCC_WARN_UNDECLARED_SELECTOR = YES;
				GCC_WARN_UNINITIALIZED_AUTOS = YES_AGGRESSIVE;
				GCC_WARN_UNUSED_FUNCTION = YES;
				GCC_WARN_UNUSED_VARIABLE = YES;
				IPHONEOS_DEPLOYMENT_TARGET = 17.4;
				LOCALIZATION_PREFERS_STRING_CATALOGS = YES;
				MTL_ENABLE_DEBUG_INFO = INCLUDE_SOURCE;
				MTL_FAST_MATH = YES;
				ONLY_ACTIVE_ARCH = YES;
				SDKROOT = iphoneos;
				SWIFT_ACTIVE_COMPILATION_CONDITIONS = "DEBUG $(inherited)";
				SWIFT_OPTIMIZATION_LEVEL = "-Onone";
			};
			name = Debug;
		};
		74082DEC2BC7177300BE8A47 /* Release */ = {
			isa = XCBuildConfiguration;
			buildSettings = {
				ALWAYS_SEARCH_USER_PATHS = NO;
				ASSETCATALOG_COMPILER_GENERATE_SWIFT_ASSET_SYMBOL_EXTENSIONS = YES;
				CLANG_ANALYZER_NONNULL = YES;
				CLANG_ANALYZER_NUMBER_OBJECT_CONVERSION = YES_AGGRESSIVE;
				CLANG_CXX_LANGUAGE_STANDARD = "gnu++20";
				CLANG_ENABLE_MODULES = YES;
				CLANG_ENABLE_OBJC_ARC = YES;
				CLANG_ENABLE_OBJC_WEAK = YES;
				CLANG_WARN_BLOCK_CAPTURE_AUTORELEASING = YES;
				CLANG_WARN_BOOL_CONVERSION = YES;
				CLANG_WARN_COMMA = YES;
				CLANG_WARN_CONSTANT_CONVERSION = YES;
				CLANG_WARN_DEPRECATED_OBJC_IMPLEMENTATIONS = YES;
				CLANG_WARN_DIRECT_OBJC_ISA_USAGE = YES_ERROR;
				CLANG_WARN_DOCUMENTATION_COMMENTS = YES;
				CLANG_WARN_EMPTY_BODY = YES;
				CLANG_WARN_ENUM_CONVERSION = YES;
				CLANG_WARN_INFINITE_RECURSION = YES;
				CLANG_WARN_INT_CONVERSION = YES;
				CLANG_WARN_NON_LITERAL_NULL_CONVERSION = YES;
				CLANG_WARN_OBJC_IMPLICIT_RETAIN_SELF = YES;
				CLANG_WARN_OBJC_LITERAL_CONVERSION = YES;
				CLANG_WARN_OBJC_ROOT_CLASS = YES_ERROR;
				CLANG_WARN_QUOTED_INCLUDE_IN_FRAMEWORK_HEADER = YES;
				CLANG_WARN_RANGE_LOOP_ANALYSIS = YES;
				CLANG_WARN_STRICT_PROTOTYPES = YES;
				CLANG_WARN_SUSPICIOUS_MOVE = YES;
				CLANG_WARN_UNGUARDED_AVAILABILITY = YES_AGGRESSIVE;
				CLANG_WARN_UNREACHABLE_CODE = YES;
				CLANG_WARN__DUPLICATE_METHOD_MATCH = YES;
				COPY_PHASE_STRIP = NO;
				DEBUG_INFORMATION_FORMAT = "dwarf-with-dsym";
				ENABLE_NS_ASSERTIONS = NO;
				ENABLE_STRICT_OBJC_MSGSEND = YES;
				ENABLE_USER_SCRIPT_SANDBOXING = YES;
				GCC_C_LANGUAGE_STANDARD = gnu17;
				GCC_NO_COMMON_BLOCKS = YES;
				GCC_WARN_64_TO_32_BIT_CONVERSION = YES;
				GCC_WARN_ABOUT_RETURN_TYPE = YES_ERROR;
				GCC_WARN_UNDECLARED_SELECTOR = YES;
				GCC_WARN_UNINITIALIZED_AUTOS = YES_AGGRESSIVE;
				GCC_WARN_UNUSED_FUNCTION = YES;
				GCC_WARN_UNUSED_VARIABLE = YES;
				IPHONEOS_DEPLOYMENT_TARGET = 17.4;
				LOCALIZATION_PREFERS_STRING_CATALOGS = YES;
				MTL_ENABLE_DEBUG_INFO = NO;
				MTL_FAST_MATH = YES;
				SDKROOT = iphoneos;
				SWIFT_COMPILATION_MODE = wholemodule;
				VALIDATE_PRODUCT = YES;
			};
			name = Release;
		};
		74082DEE2BC7177300BE8A47 /* Debug */ = {
			isa = XCBuildConfiguration;
			buildSettings = {
				ASSETCATALOG_COMPILER_APPICON_NAME = AppIcon;
				ASSETCATALOG_COMPILER_GLOBAL_ACCENT_COLOR_NAME = AccentColor;
				CODE_SIGN_ENTITLEMENTS = NomadCount/NomadCount.entitlements;
				CODE_SIGN_STYLE = Automatic;
				CURRENT_PROJECT_VERSION = 1;
				DEVELOPMENT_ASSET_PATHS = "\"NomadCount/Preview Content\"";
				DEVELOPMENT_TEAM = T3UM763386;
				ENABLE_PREVIEWS = YES;
				GENERATE_INFOPLIST_FILE = YES;
				INFOPLIST_KEY_LSApplicationCategoryType = "";
				INFOPLIST_KEY_NSHealthShareUsageDescription = "\"Nomad Count\" needs your permission to to access your Heal Data to display your steps";
				INFOPLIST_KEY_NSHealthUpdateUsageDescription = "\"Nomad Count\" needs your permission to to access your Heal Data to display your steps";
				INFOPLIST_KEY_UIApplicationSceneManifest_Generation = YES;
				INFOPLIST_KEY_UIApplicationSupportsIndirectInputEvents = YES;
				INFOPLIST_KEY_UILaunchScreen_Generation = YES;
				INFOPLIST_KEY_UISupportedInterfaceOrientations_iPad = "UIInterfaceOrientationPortrait UIInterfaceOrientationPortraitUpsideDown UIInterfaceOrientationLandscapeLeft UIInterfaceOrientationLandscapeRight";
				INFOPLIST_KEY_UISupportedInterfaceOrientations_iPhone = "UIInterfaceOrientationPortrait UIInterfaceOrientationLandscapeLeft UIInterfaceOrientationLandscapeRight";
				LD_RUNPATH_SEARCH_PATHS = (
					"$(inherited)",
					"@executable_path/Frameworks",
				);
				MARKETING_VERSION = 1.0;
				PRODUCT_BUNDLE_IDENTIFIER = com.JosephBouhanef.NomadCount;
				PRODUCT_NAME = "$(TARGET_NAME)";
				SWIFT_EMIT_LOC_STRINGS = YES;
				SWIFT_VERSION = 5.0;
				TARGETED_DEVICE_FAMILY = "1,2";
			};
			name = Debug;
		};
		74082DEF2BC7177300BE8A47 /* Release */ = {
			isa = XCBuildConfiguration;
			buildSettings = {
				ASSETCATALOG_COMPILER_APPICON_NAME = AppIcon;
				ASSETCATALOG_COMPILER_GLOBAL_ACCENT_COLOR_NAME = AccentColor;
				CODE_SIGN_ENTITLEMENTS = NomadCount/NomadCount.entitlements;
				CODE_SIGN_STYLE = Automatic;
				CURRENT_PROJECT_VERSION = 1;
				DEVELOPMENT_ASSET_PATHS = "\"NomadCount/Preview Content\"";
				DEVELOPMENT_TEAM = T3UM763386;
				ENABLE_PREVIEWS = YES;
				GENERATE_INFOPLIST_FILE = YES;
				INFOPLIST_KEY_LSApplicationCategoryType = "";
				INFOPLIST_KEY_NSHealthShareUsageDescription = "\"Nomad Count\" needs your permission to to access your Heal Data to display your steps";
				INFOPLIST_KEY_NSHealthUpdateUsageDescription = "\"Nomad Count\" needs your permission to to access your Heal Data to display your steps";
				INFOPLIST_KEY_UIApplicationSceneManifest_Generation = YES;
				INFOPLIST_KEY_UIApplicationSupportsIndirectInputEvents = YES;
				INFOPLIST_KEY_UILaunchScreen_Generation = YES;
				INFOPLIST_KEY_UISupportedInterfaceOrientations_iPad = "UIInterfaceOrientationPortrait UIInterfaceOrientationPortraitUpsideDown UIInterfaceOrientationLandscapeLeft UIInterfaceOrientationLandscapeRight";
				INFOPLIST_KEY_UISupportedInterfaceOrientations_iPhone = "UIInterfaceOrientationPortrait UIInterfaceOrientationLandscapeLeft UIInterfaceOrientationLandscapeRight";
				LD_RUNPATH_SEARCH_PATHS = (
					"$(inherited)",
					"@executable_path/Frameworks",
				);
				MARKETING_VERSION = 1.0;
				PRODUCT_BUNDLE_IDENTIFIER = com.JosephBouhanef.NomadCount;
				PRODUCT_NAME = "$(TARGET_NAME)";
				SWIFT_EMIT_LOC_STRINGS = YES;
				SWIFT_VERSION = 5.0;
				TARGETED_DEVICE_FAMILY = "1,2";
			};
			name = Release;
		};
/* End XCBuildConfiguration section */

/* Begin XCConfigurationList section */
		74082DDA2BC7177100BE8A47 /* Build configuration list for PBXProject "NomadCount" */ = {
			isa = XCConfigurationList;
			buildConfigurations = (
				74082DEB2BC7177300BE8A47 /* Debug */,
				74082DEC2BC7177300BE8A47 /* Release */,
			);
			defaultConfigurationIsVisible = 0;
			defaultConfigurationName = Release;
		};
		74082DED2BC7177300BE8A47 /* Build configuration list for PBXNativeTarget "NomadCount" */ = {
			isa = XCConfigurationList;
			buildConfigurations = (
				74082DEE2BC7177300BE8A47 /* Debug */,
				74082DEF2BC7177300BE8A47 /* Release */,
			);
			defaultConfigurationIsVisible = 0;
			defaultConfigurationName = Release;
		};
/* End XCConfigurationList section */
	};
	rootObject = 74082DD72BC7177100BE8A47 /* Project object */;
}
